
Microsoft Visual Studio Solution File, Format Version 12.00
# Visual Studio 15
VisualStudioVersion = 15.0.27428.2043
MinimumVisualStudioVersion = 10.0.40219.1
Project("{FAE04EC0-301F-11D3-BF4B-00C04F79EFBC}") = "DocflowApp", "DocflowApp\DocflowApp.csproj", "{1E9696C5-E376-4987-BB18-FB3C216CF960}"
EndProject
Project("{FAE04EC0-301F-11D3-BF4B-00C04F79EFBC}") = "DocflowApp.Models", "DocflowApp.Models\DocflowApp.Models.csproj", "{76BC576E-8E97-44A2-891D-61692272C646}"
EndProject
Global
	GlobalSection(SolutionConfigurationPlatforms) = preSolution
		Debug|Any CPU = Debug|Any CPU
		Release|Any CPU = Release|Any CPU
	EndGlobalSection
	GlobalSection(ProjectConfigurationPlatforms) = postSolution
		{1E9696C5-E376-4987-BB18-FB3C216CF960}.Debug|Any CPU.ActiveCfg = Debug|Any CPU
		{1E9696C5-E376-4987-BB18-FB3C216CF960}.Debug|Any CPU.Build.0 = Debug|Any CPU
		{1E9696C5-E376-4987-BB18-FB3C216CF960}.Release|Any CPU.ActiveCfg = Release|Any CPU
		{1E9696C5-E376-4987-BB18-FB3C216CF960}.Release|Any CPU.Build.0 = Release|Any CPU
		{76BC576E-8E97-44A2-891D-61692272C646}.Debug|Any CPU.ActiveCfg = Debug|Any CPU
		{76BC576E-8E97-44A2-891D-61692272C646}.Debug|Any CPU.Build.0 = Debug|Any CPU
		{76BC576E-8E97-44A2-891D-61692272C646}.Release|Any CPU.ActiveCfg = Release|Any CPU
		{76BC576E-8E97-44A2-891D-61692272C646}.Release|Any CPU.Build.0 = Release|Any CPU
	EndGlobalSection
	GlobalSection(SolutionProperties) = preSolution
		HideSolutionNode = FALSE
	EndGlobalSection
	GlobalSection(ExtensibilityGlobals) = postSolution
		SolutionGuid = {98AA1FE8-E51D-4141-A547-AF417C1880CC}
	EndGlobalSection
EndGlobal
